// !$*UTF8*$!
{
	archiveVersion = 1;
	classes = {
	};
	objectVersion = 46;
	objects = {

/* Begin PBXBuildFile section */
		044B37ACEB7B0AE631A276E9 /* libPods-MovieDemoTests.a in Frameworks */ = {isa = PBXBuildFile; fileRef = 0888AE40F84F743475398CB9 /* libPods-MovieDemoTests.a */; };
		09BFD41868E6A07F8B151D9E /* libPods-MovieDemoUITests.a in Frameworks */ = {isa = PBXBuildFile; fileRef = 2259F0BCC684C999701E0096 /* libPods-MovieDemoUITests.a */; };
		4206CC0F1E88F75400BC89D5 /* MovieResponse.m in Sources */ = {isa = PBXBuildFile; fileRef = 4206CC0E1E88F75300BC89D5 /* MovieResponse.m */; };
		4206CC121E88F8EB00BC89D5 /* MovieDetails.m in Sources */ = {isa = PBXBuildFile; fileRef = 4206CC111E88F8EB00BC89D5 /* MovieDetails.m */; };
		4206CC181E890E2A00BC89D5 /* MovieCollectionViewCell.m in Sources */ = {isa = PBXBuildFile; fileRef = 4206CC161E890E2A00BC89D5 /* MovieCollectionViewCell.m */; };
		4206CC191E890E2A00BC89D5 /* MovieCollectionViewCell.xib in Resources */ = {isa = PBXBuildFile; fileRef = 4206CC171E890E2A00BC89D5 /* MovieCollectionViewCell.xib */; };
		4206CC1C1E891DAF00BC89D5 /* DetailViewController.m in Sources */ = {isa = PBXBuildFile; fileRef = 4206CC1B1E891DAF00BC89D5 /* DetailViewController.m */; };
		4209E5311E82865E0070EE12 /* main.m in Sources */ = {isa = PBXBuildFile; fileRef = 4209E5301E82865E0070EE12 /* main.m */; };
		4209E5341E82865E0070EE12 /* AppDelegate.m in Sources */ = {isa = PBXBuildFile; fileRef = 4209E5331E82865E0070EE12 /* AppDelegate.m */; };
		4209E53A1E82865E0070EE12 /* Main.storyboard in Resources */ = {isa = PBXBuildFile; fileRef = 4209E5381E82865E0070EE12 /* Main.storyboard */; };
		4209E53C1E82865E0070EE12 /* Assets.xcassets in Resources */ = {isa = PBXBuildFile; fileRef = 4209E53B1E82865E0070EE12 /* Assets.xcassets */; };
		4209E53F1E82865E0070EE12 /* LaunchScreen.storyboard in Resources */ = {isa = PBXBuildFile; fileRef = 4209E53D1E82865E0070EE12 /* LaunchScreen.storyboard */; };
		4209E54A1E82865E0070EE12 /* MovieDemoTests.m in Sources */ = {isa = PBXBuildFile; fileRef = 4209E5491E82865E0070EE12 /* MovieDemoTests.m */; };
		4209E5551E82865E0070EE12 /* MovieDemoUITests.m in Sources */ = {isa = PBXBuildFile; fileRef = 4209E5541E82865E0070EE12 /* MovieDemoUITests.m */; };
		4209E5671E8293CE0070EE12 /* NetworkManager.m in Sources */ = {isa = PBXBuildFile; fileRef = 4209E5661E8293CE0070EE12 /* NetworkManager.m */; };
		4209E56A1E829A860070EE12 /* HomeViewController.m in Sources */ = {isa = PBXBuildFile; fileRef = 4209E5691E829A860070EE12 /* HomeViewController.m */; };
		64D9055CEDE516A21E7563BD /* libPods-MovieDemo.a in Frameworks */ = {isa = PBXBuildFile; fileRef = 6548CB4570C77D6AB2C36EA9 /* libPods-MovieDemo.a */; };
/* End PBXBuildFile section */

/* Begin PBXContainerItemProxy section */
		4209E5461E82865E0070EE12 /* PBXContainerItemProxy */ = {
			isa = PBXContainerItemProxy;
			containerPortal = 4209E5241E82865E0070EE12 /* Project object */;
			proxyType = 1;
			remoteGlobalIDString = 4209E52B1E82865E0070EE12;
			remoteInfo = MovieDemo;
		};
		4209E5511E82865E0070EE12 /* PBXContainerItemProxy */ = {
			isa = PBXContainerItemProxy;
			containerPortal = 4209E5241E82865E0070EE12 /* Project object */;
			proxyType = 1;
			remoteGlobalIDString = 4209E52B1E82865E0070EE12;
			remoteInfo = MovieDemo;
		};
/* End PBXContainerItemProxy section */

/* Begin PBXFileReference section */
		0888AE40F84F743475398CB9 /* libPods-MovieDemoTests.a */ = {isa = PBXFileReference; explicitFileType = archive.ar; includeInIndex = 0; path = "libPods-MovieDemoTests.a"; sourceTree = BUILT_PRODUCTS_DIR; };
		2121009BC0E2AA186E49EEEB /* Pods-MovieDemoUITests.release.xcconfig */ = {isa = PBXFileReference; includeInIndex = 1; lastKnownFileType = text.xcconfig; name = "Pods-MovieDemoUITests.release.xcconfig"; path = "Pods/Target Support Files/Pods-MovieDemoUITests/Pods-MovieDemoUITests.release.xcconfig"; sourceTree = "<group>"; };
		2259F0BCC684C999701E0096 /* libPods-MovieDemoUITests.a */ = {isa = PBXFileReference; explicitFileType = archive.ar; includeInIndex = 0; path = "libPods-MovieDemoUITests.a"; sourceTree = BUILT_PRODUCTS_DIR; };
		4206CC0D1E88F75300BC89D5 /* MovieResponse.h */ = {isa = PBXFileReference; fileEncoding = 4; lastKnownFileType = sourcecode.c.h; path = MovieResponse.h; sourceTree = "<group>"; };
		4206CC0E1E88F75300BC89D5 /* MovieResponse.m */ = {isa = PBXFileReference; fileEncoding = 4; lastKnownFileType = sourcecode.c.objc; path = MovieResponse.m; sourceTree = "<group>"; };
		4206CC101E88F8EB00BC89D5 /* MovieDetails.h */ = {isa = PBXFileReference; fileEncoding = 4; lastKnownFileType = sourcecode.c.h; path = MovieDetails.h; sourceTree = "<group>"; };
		4206CC111E88F8EB00BC89D5 /* MovieDetails.m */ = {isa = PBXFileReference; fileEncoding = 4; lastKnownFileType = sourcecode.c.objc; path = MovieDetails.m; sourceTree = "<group>"; };
		4206CC151E890E2A00BC89D5 /* MovieCollectionViewCell.h */ = {isa = PBXFileReference; fileEncoding = 4; lastKnownFileType = sourcecode.c.h; path = MovieCollectionViewCell.h; sourceTree = "<group>"; };
		4206CC161E890E2A00BC89D5 /* MovieCollectionViewCell.m */ = {isa = PBXFileReference; fileEncoding = 4; lastKnownFileType = sourcecode.c.objc; path = MovieCollectionViewCell.m; sourceTree = "<group>"; };
		4206CC171E890E2A00BC89D5 /* MovieCollectionViewCell.xib */ = {isa = PBXFileReference; fileEncoding = 4; lastKnownFileType = file.xib; path = MovieCollectionViewCell.xib; sourceTree = "<group>"; };
		4206CC1A1E891DAF00BC89D5 /* DetailViewController.h */ = {isa = PBXFileReference; fileEncoding = 4; lastKnownFileType = sourcecode.c.h; path = DetailViewController.h; sourceTree = "<group>"; };
		4206CC1B1E891DAF00BC89D5 /* DetailViewController.m */ = {isa = PBXFileReference; fileEncoding = 4; lastKnownFileType = sourcecode.c.objc; path = DetailViewController.m; sourceTree = "<group>"; };
		4209E52C1E82865E0070EE12 /* MovieDemo.app */ = {isa = PBXFileReference; explicitFileType = wrapper.application; includeInIndex = 0; path = MovieDemo.app; sourceTree = BUILT_PRODUCTS_DIR; };
		4209E5301E82865E0070EE12 /* main.m */ = {isa = PBXFileReference; lastKnownFileType = sourcecode.c.objc; path = main.m; sourceTree = "<group>"; };
		4209E5321E82865E0070EE12 /* AppDelegate.h */ = {isa = PBXFileReference; lastKnownFileType = sourcecode.c.h; path = AppDelegate.h; sourceTree = "<group>"; };
		4209E5331E82865E0070EE12 /* AppDelegate.m */ = {isa = PBXFileReference; lastKnownFileType = sourcecode.c.objc; path = AppDelegate.m; sourceTree = "<group>"; };
		4209E5391E82865E0070EE12 /* Base */ = {isa = PBXFileReference; lastKnownFileType = file.storyboard; name = Base; path = Base.lproj/Main.storyboard; sourceTree = "<group>"; };
		4209E53B1E82865E0070EE12 /* Assets.xcassets */ = {isa = PBXFileReference; lastKnownFileType = folder.assetcatalog; path = Assets.xcassets; sourceTree = "<group>"; };
		4209E53E1E82865E0070EE12 /* Base */ = {isa = PBXFileReference; lastKnownFileType = file.storyboard; name = Base; path = Base.lproj/LaunchScreen.storyboard; sourceTree = "<group>"; };
		4209E5401E82865E0070EE12 /* Info.plist */ = {isa = PBXFileReference; lastKnownFileType = text.plist.xml; path = Info.plist; sourceTree = "<group>"; };
		4209E5451E82865E0070EE12 /* MovieDemoTests.xctest */ = {isa = PBXFileReference; explicitFileType = wrapper.cfbundle; includeInIndex = 0; path = MovieDemoTests.xctest; sourceTree = BUILT_PRODUCTS_DIR; };
		4209E5491E82865E0070EE12 /* MovieDemoTests.m */ = {isa = PBXFileReference; lastKnownFileType = sourcecode.c.objc; path = MovieDemoTests.m; sourceTree = "<group>"; };
		4209E54B1E82865E0070EE12 /* Info.plist */ = {isa = PBXFileReference; lastKnownFileType = text.plist.xml; path = Info.plist; sourceTree = "<group>"; };
		4209E5501E82865E0070EE12 /* MovieDemoUITests.xctest */ = {isa = PBXFileReference; explicitFileType = wrapper.cfbundle; includeInIndex = 0; path = MovieDemoUITests.xctest; sourceTree = BUILT_PRODUCTS_DIR; };
		4209E5541E82865E0070EE12 /* MovieDemoUITests.m */ = {isa = PBXFileReference; lastKnownFileType = sourcecode.c.objc; path = MovieDemoUITests.m; sourceTree = "<group>"; };
		4209E5561E82865E0070EE12 /* Info.plist */ = {isa = PBXFileReference; lastKnownFileType = text.plist.xml; path = Info.plist; sourceTree = "<group>"; };
		4209E5651E8293CE0070EE12 /* NetworkManager.h */ = {isa = PBXFileReference; fileEncoding = 4; lastKnownFileType = sourcecode.c.h; path = NetworkManager.h; sourceTree = "<group>"; };
		4209E5661E8293CE0070EE12 /* NetworkManager.m */ = {isa = PBXFileReference; fileEncoding = 4; lastKnownFileType = sourcecode.c.objc; path = NetworkManager.m; sourceTree = "<group>"; };
		4209E5681E829A860070EE12 /* HomeViewController.h */ = {isa = PBXFileReference; fileEncoding = 4; lastKnownFileType = sourcecode.c.h; path = HomeViewController.h; sourceTree = "<group>"; };
		4209E5691E829A860070EE12 /* HomeViewController.m */ = {isa = PBXFileReference; fileEncoding = 4; lastKnownFileType = sourcecode.c.objc; path = HomeViewController.m; sourceTree = "<group>"; };
		58F23CB10D7FC3F6A57EB8E3 /* Pods-MovieDemoTests.debug.xcconfig */ = {isa = PBXFileReference; includeInIndex = 1; lastKnownFileType = text.xcconfig; name = "Pods-MovieDemoTests.debug.xcconfig"; path = "Pods/Target Support Files/Pods-MovieDemoTests/Pods-MovieDemoTests.debug.xcconfig"; sourceTree = "<group>"; };
		6548CB4570C77D6AB2C36EA9 /* libPods-MovieDemo.a */ = {isa = PBXFileReference; explicitFileType = archive.ar; includeInIndex = 0; path = "libPods-MovieDemo.a"; sourceTree = BUILT_PRODUCTS_DIR; };
		6BFD6D4FFCBEF72F1A870F8A /* Pods-MovieDemo.debug.xcconfig */ = {isa = PBXFileReference; includeInIndex = 1; lastKnownFileType = text.xcconfig; name = "Pods-MovieDemo.debug.xcconfig"; path = "Pods/Target Support Files/Pods-MovieDemo/Pods-MovieDemo.debug.xcconfig"; sourceTree = "<group>"; };
		C3F3C112CAB7373755133137 /* Pods-MovieDemoUITests.debug.xcconfig */ = {isa = PBXFileReference; includeInIndex = 1; lastKnownFileType = text.xcconfig; name = "Pods-MovieDemoUITests.debug.xcconfig"; path = "Pods/Target Support Files/Pods-MovieDemoUITests/Pods-MovieDemoUITests.debug.xcconfig"; sourceTree = "<group>"; };
		C68564BF54A76287698DD66F /* Pods-MovieDemo.release.xcconfig */ = {isa = PBXFileReference; includeInIndex = 1; lastKnownFileType = text.xcconfig; name = "Pods-MovieDemo.release.xcconfig"; path = "Pods/Target Support Files/Pods-MovieDemo/Pods-MovieDemo.release.xcconfig"; sourceTree = "<group>"; };
		FEA39A021E0720C61B918628 /* Pods-MovieDemoTests.release.xcconfig */ = {isa = PBXFileReference; includeInIndex = 1; lastKnownFileType = text.xcconfig; name = "Pods-MovieDemoTests.release.xcconfig"; path = "Pods/Target Support Files/Pods-MovieDemoTests/Pods-MovieDemoTests.release.xcconfig"; sourceTree = "<group>"; };
/* End PBXFileReference section */

/* Begin PBXFrameworksBuildPhase section */
		4209E5291E82865E0070EE12 /* Frameworks */ = {
			isa = PBXFrameworksBuildPhase;
			buildActionMask = 2147483647;
			files = (
				64D9055CEDE516A21E7563BD /* libPods-MovieDemo.a in Frameworks */,
			);
			runOnlyForDeploymentPostprocessing = 0;
		};
		4209E5421E82865E0070EE12 /* Frameworks */ = {
			isa = PBXFrameworksBuildPhase;
			buildActionMask = 2147483647;
			files = (
				044B37ACEB7B0AE631A276E9 /* libPods-MovieDemoTests.a in Frameworks */,
			);
			runOnlyForDeploymentPostprocessing = 0;
		};
		4209E54D1E82865E0070EE12 /* Frameworks */ = {
			isa = PBXFrameworksBuildPhase;
			buildActionMask = 2147483647;
			files = (
				09BFD41868E6A07F8B151D9E /* libPods-MovieDemoUITests.a in Frameworks */,
			);
			runOnlyForDeploymentPostprocessing = 0;
		};
/* End PBXFrameworksBuildPhase section */

/* Begin PBXGroup section */
		4206CC131E890E0700BC89D5 /* Custom Views */ = {
			isa = PBXGroup;
			children = (
				4206CC141E890E0700BC89D5 /* Cell */,
			);
			path = "Custom Views";
			sourceTree = "<group>";
		};
		4206CC141E890E0700BC89D5 /* Cell */ = {
			isa = PBXGroup;
			children = (
				4206CC151E890E2A00BC89D5 /* MovieCollectionViewCell.h */,
				4206CC161E890E2A00BC89D5 /* MovieCollectionViewCell.m */,
				4206CC171E890E2A00BC89D5 /* MovieCollectionViewCell.xib */,
			);
			path = Cell;
			sourceTree = "<group>";
		};
		4209E5231E82865E0070EE12 = {
			isa = PBXGroup;
			children = (
				4209E52E1E82865E0070EE12 /* MovieDemo */,
				4209E5481E82865E0070EE12 /* MovieDemoTests */,
				4209E5531E82865E0070EE12 /* MovieDemoUITests */,
				4209E52D1E82865E0070EE12 /* Products */,
				583ECB7E30DC60EDAF4E783C /* Pods */,
				8B78E9A78DD5E22F07241FBB /* Frameworks */,
			);
			sourceTree = "<group>";
		};
		4209E52D1E82865E0070EE12 /* Products */ = {
			isa = PBXGroup;
			children = (
				4209E52C1E82865E0070EE12 /* MovieDemo.app */,
				4209E5451E82865E0070EE12 /* MovieDemoTests.xctest */,
				4209E5501E82865E0070EE12 /* MovieDemoUITests.xctest */,
			);
			name = Products;
			sourceTree = "<group>";
		};
		4209E52E1E82865E0070EE12 /* MovieDemo */ = {
			isa = PBXGroup;
			children = (
				4206CC131E890E0700BC89D5 /* Custom Views */,
				4209E5621E8289970070EE12 /* Manager */,
				4209E5631E8289970070EE12 /* Model */,
				4209E5641E8289970070EE12 /* View Controller */,
				4209E5321E82865E0070EE12 /* AppDelegate.h */,
				4209E5331E82865E0070EE12 /* AppDelegate.m */,
				4209E5381E82865E0070EE12 /* Main.storyboard */,
				4209E53B1E82865E0070EE12 /* Assets.xcassets */,
				4209E53D1E82865E0070EE12 /* LaunchScreen.storyboard */,
				4209E5401E82865E0070EE12 /* Info.plist */,
				4209E52F1E82865E0070EE12 /* Supporting Files */,
			);
			path = MovieDemo;
			sourceTree = "<group>";
		};
		4209E52F1E82865E0070EE12 /* Supporting Files */ = {
			isa = PBXGroup;
			children = (
				4209E5301E82865E0070EE12 /* main.m */,
			);
			name = "Supporting Files";
			sourceTree = "<group>";
		};
		4209E5481E82865E0070EE12 /* MovieDemoTests */ = {
			isa = PBXGroup;
			children = (
				4209E5491E82865E0070EE12 /* MovieDemoTests.m */,
				4209E54B1E82865E0070EE12 /* Info.plist */,
			);
			path = MovieDemoTests;
			sourceTree = "<group>";
		};
		4209E5531E82865E0070EE12 /* MovieDemoUITests */ = {
			isa = PBXGroup;
			children = (
				4209E5541E82865E0070EE12 /* MovieDemoUITests.m */,
				4209E5561E82865E0070EE12 /* Info.plist */,
			);
			path = MovieDemoUITests;
			sourceTree = "<group>";
		};
		4209E5621E8289970070EE12 /* Manager */ = {
			isa = PBXGroup;
			children = (
				4209E5651E8293CE0070EE12 /* NetworkManager.h */,
				4209E5661E8293CE0070EE12 /* NetworkManager.m */,
			);
			path = Manager;
			sourceTree = "<group>";
		};
		4209E5631E8289970070EE12 /* Model */ = {
			isa = PBXGroup;
			children = (
				4206CC0D1E88F75300BC89D5 /* MovieResponse.h */,
				4206CC0E1E88F75300BC89D5 /* MovieResponse.m */,
				4206CC101E88F8EB00BC89D5 /* MovieDetails.h */,
				4206CC111E88F8EB00BC89D5 /* MovieDetails.m */,
			);
			path = Model;
			sourceTree = "<group>";
		};
		4209E5641E8289970070EE12 /* View Controller */ = {
			isa = PBXGroup;
			children = (
				4209E5681E829A860070EE12 /* HomeViewController.h */,
				4209E5691E829A860070EE12 /* HomeViewController.m */,
				4206CC1A1E891DAF00BC89D5 /* DetailViewController.h */,
				4206CC1B1E891DAF00BC89D5 /* DetailViewController.m */,
			);
			path = "View Controller";
			sourceTree = "<group>";
		};
		583ECB7E30DC60EDAF4E783C /* Pods */ = {
			isa = PBXGroup;
			children = (
				6BFD6D4FFCBEF72F1A870F8A /* Pods-MovieDemo.debug.xcconfig */,
				C68564BF54A76287698DD66F /* Pods-MovieDemo.release.xcconfig */,
				58F23CB10D7FC3F6A57EB8E3 /* Pods-MovieDemoTests.debug.xcconfig */,
				FEA39A021E0720C61B918628 /* Pods-MovieDemoTests.release.xcconfig */,
				C3F3C112CAB7373755133137 /* Pods-MovieDemoUITests.debug.xcconfig */,
				2121009BC0E2AA186E49EEEB /* Pods-MovieDemoUITests.release.xcconfig */,
			);
			name = Pods;
			sourceTree = "<group>";
		};
		8B78E9A78DD5E22F07241FBB /* Frameworks */ = {
			isa = PBXGroup;
			children = (
				6548CB4570C77D6AB2C36EA9 /* libPods-MovieDemo.a */,
				0888AE40F84F743475398CB9 /* libPods-MovieDemoTests.a */,
				2259F0BCC684C999701E0096 /* libPods-MovieDemoUITests.a */,
			);
			name = Frameworks;
			sourceTree = "<group>";
		};
/* End PBXGroup section */

/* Begin PBXNativeTarget section */
		4209E52B1E82865E0070EE12 /* MovieDemo */ = {
			isa = PBXNativeTarget;
			buildConfigurationList = 4209E5591E82865E0070EE12 /* Build configuration list for PBXNativeTarget "MovieDemo" */;
			buildPhases = (
				BB9D3CA6092F2436612180F3 /* [CP] Check Pods Manifest.lock */,
				4209E5281E82865E0070EE12 /* Sources */,
				4209E5291E82865E0070EE12 /* Frameworks */,
				4209E52A1E82865E0070EE12 /* Resources */,
				E5CBE714C1203EDC0AB0C578 /* [CP] Embed Pods Frameworks */,
				809128C864E2359D4BF5704F /* [CP] Copy Pods Resources */,
			);
			buildRules = (
			);
			dependencies = (
			);
			name = MovieDemo;
			productName = MovieDemo;
			productReference = 4209E52C1E82865E0070EE12 /* MovieDemo.app */;
			productType = "com.apple.product-type.application";
		};
		4209E5441E82865E0070EE12 /* MovieDemoTests */ = {
			isa = PBXNativeTarget;
			buildConfigurationList = 4209E55C1E82865E0070EE12 /* Build configuration list for PBXNativeTarget "MovieDemoTests" */;
			buildPhases = (
				B525E3359A7556D5D66CDBC0 /* [CP] Check Pods Manifest.lock */,
				4209E5411E82865E0070EE12 /* Sources */,
				4209E5421E82865E0070EE12 /* Frameworks */,
				4209E5431E82865E0070EE12 /* Resources */,
				EBB9F7C58A860C6FBFF3FC7F /* [CP] Embed Pods Frameworks */,
				2CA9CC0692E1C8D29C1A22E1 /* [CP] Copy Pods Resources */,
			);
			buildRules = (
			);
			dependencies = (
				4209E5471E82865E0070EE12 /* PBXTargetDependency */,
			);
			name = MovieDemoTests;
			productName = MovieDemoTests;
			productReference = 4209E5451E82865E0070EE12 /* MovieDemoTests.xctest */;
			productType = "com.apple.product-type.bundle.unit-test";
		};
		4209E54F1E82865E0070EE12 /* MovieDemoUITests */ = {
			isa = PBXNativeTarget;
			buildConfigurationList = 4209E55F1E82865E0070EE12 /* Build configuration list for PBXNativeTarget "MovieDemoUITests" */;
			buildPhases = (
				EF08BC3459BF1E571F2E30EA /* [CP] Check Pods Manifest.lock */,
				4209E54C1E82865E0070EE12 /* Sources */,
				4209E54D1E82865E0070EE12 /* Frameworks */,
				4209E54E1E82865E0070EE12 /* Resources */,
				A69AB9F82FBA89A656AD9297 /* [CP] Embed Pods Frameworks */,
				E1C73A08D3EDAC09BB1FDF85 /* [CP] Copy Pods Resources */,
			);
			buildRules = (
			);
			dependencies = (
				4209E5521E82865E0070EE12 /* PBXTargetDependency */,
			);
			name = MovieDemoUITests;
			productName = MovieDemoUITests;
			productReference = 4209E5501E82865E0070EE12 /* MovieDemoUITests.xctest */;
			productType = "com.apple.product-type.bundle.ui-testing";
		};
/* End PBXNativeTarget section */

/* Begin PBXProject section */
		4209E5241E82865E0070EE12 /* Project object */ = {
			isa = PBXProject;
			attributes = {
				LastUpgradeCheck = 0800;
				ORGANIZATIONNAME = Zankhna;
				TargetAttributes = {
					4209E52B1E82865E0070EE12 = {
						CreatedOnToolsVersion = 8.0;
						ProvisioningStyle = Automatic;
					};
					4209E5441E82865E0070EE12 = {
						CreatedOnToolsVersion = 8.0;
						ProvisioningStyle = Automatic;
						TestTargetID = 4209E52B1E82865E0070EE12;
					};
					4209E54F1E82865E0070EE12 = {
						CreatedOnToolsVersion = 8.0;
						ProvisioningStyle = Automatic;
						TestTargetID = 4209E52B1E82865E0070EE12;
					};
				};
			};
			buildConfigurationList = 4209E5271E82865E0070EE12 /* Build configuration list for PBXProject "MovieDemo" */;
			compatibilityVersion = "Xcode 3.2";
			developmentRegion = English;
			hasScannedForEncodings = 0;
			knownRegions = (
				en,
				Base,
			);
			mainGroup = 4209E5231E82865E0070EE12;
			productRefGroup = 4209E52D1E82865E0070EE12 /* Products */;
			projectDirPath = "";
			projectRoot = "";
			targets = (
				4209E52B1E82865E0070EE12 /* MovieDemo */,
				4209E5441E82865E0070EE12 /* MovieDemoTests */,
				4209E54F1E82865E0070EE12 /* MovieDemoUITests */,
			);
		};
/* End PBXProject section */

/* Begin PBXResourcesBuildPhase section */
		4209E52A1E82865E0070EE12 /* Resources */ = {
			isa = PBXResourcesBuildPhase;
			buildActionMask = 2147483647;
			files = (
				4209E53F1E82865E0070EE12 /* LaunchScreen.storyboard in Resources */,
				4209E53C1E82865E0070EE12 /* Assets.xcassets in Resources */,
				4209E53A1E82865E0070EE12 /* Main.storyboard in Resources */,
				4206CC191E890E2A00BC89D5 /* MovieCollectionViewCell.xib in Resources */,
			);
			runOnlyForDeploymentPostprocessing = 0;
		};
		4209E5431E82865E0070EE12 /* Resources */ = {
			isa = PBXResourcesBuildPhase;
			buildActionMask = 2147483647;
			files = (
			);
			runOnlyForDeploymentPostprocessing = 0;
		};
		4209E54E1E82865E0070EE12 /* Resources */ = {
			isa = PBXResourcesBuildPhase;
			buildActionMask = 2147483647;
			files = (
			);
			runOnlyForDeploymentPostprocessing = 0;
		};
/* End PBXResourcesBuildPhase section */

/* Begin PBXShellScriptBuildPhase section */
		2CA9CC0692E1C8D29C1A22E1 /* [CP] Copy Pods Resources */ = {
			isa = PBXShellScriptBuildPhase;
			buildActionMask = 2147483647;
			files = (
			);
			inputPaths = (
			);
			name = "[CP] Copy Pods Resources";
			outputPaths = (
			);
			runOnlyForDeploymentPostprocessing = 0;
			shellPath = /bin/sh;
			shellScript = "\"${SRCROOT}/Pods/Target Support Files/Pods-MovieDemoTests/Pods-MovieDemoTests-resources.sh\"\n";
			showEnvVarsInLog = 0;
		};
		809128C864E2359D4BF5704F /* [CP] Copy Pods Resources */ = {
			isa = PBXShellScriptBuildPhase;
			buildActionMask = 2147483647;
			files = (
			);
			inputPaths = (
			);
			name = "[CP] Copy Pods Resources";
			outputPaths = (
			);
			runOnlyForDeploymentPostprocessing = 0;
			shellPath = /bin/sh;
			shellScript = "\"${SRCROOT}/Pods/Target Support Files/Pods-MovieDemo/Pods-MovieDemo-resources.sh\"\n";
			showEnvVarsInLog = 0;
		};
		A69AB9F82FBA89A656AD9297 /* [CP] Embed Pods Frameworks */ = {
			isa = PBXShellScriptBuildPhase;
			buildActionMask = 2147483647;
			files = (
			);
			inputPaths = (
			);
			name = "[CP] Embed Pods Frameworks";
			outputPaths = (
			);
			runOnlyForDeploymentPostprocessing = 0;
			shellPath = /bin/sh;
			shellScript = "\"${SRCROOT}/Pods/Target Support Files/Pods-MovieDemoUITests/Pods-MovieDemoUITests-frameworks.sh\"\n";
			showEnvVarsInLog = 0;
		};
		B525E3359A7556D5D66CDBC0 /* [CP] Check Pods Manifest.lock */ = {
			isa = PBXShellScriptBuildPhase;
			buildActionMask = 2147483647;
			files = (
			);
			inputPaths = (
			);
			name = "[CP] Check Pods Manifest.lock";
			outputPaths = (
			);
			runOnlyForDeploymentPostprocessing = 0;
			shellPath = /bin/sh;
			shellScript = "diff \"${PODS_ROOT}/../Podfile.lock\" \"${PODS_ROOT}/Manifest.lock\" > /dev/null\nif [ $? != 0 ] ; then\n    # print error to STDERR\n    echo \"error: The sandbox is not in sync with the Podfile.lock. Run 'pod install' or update your CocoaPods installation.\" >&2\n    exit 1\nfi\n";
			showEnvVarsInLog = 0;
		};
		BB9D3CA6092F2436612180F3 /* [CP] Check Pods Manifest.lock */ = {
			isa = PBXShellScriptBuildPhase;
			buildActionMask = 2147483647;
			files = (
			);
			inputPaths = (
			);
			name = "[CP] Check Pods Manifest.lock";
			outputPaths = (
			);
			runOnlyForDeploymentPostprocessing = 0;
			shellPath = /bin/sh;
			shellScript = "diff \"${PODS_ROOT}/../Podfile.lock\" \"${PODS_ROOT}/Manifest.lock\" > /dev/null\nif [ $? != 0 ] ; then\n    # print error to STDERR\n    echo \"error: The sandbox is not in sync with the Podfile.lock. Run 'pod install' or update your CocoaPods installation.\" >&2\n    exit 1\nfi\n";
			showEnvVarsInLog = 0;
		};
		E1C73A08D3EDAC09BB1FDF85 /* [CP] Copy Pods Resources */ = {
			isa = PBXShellScriptBuildPhase;
			buildActionMask = 2147483647;
			files = (
			);
			inputPaths = (
			);
			name = "[CP] Copy Pods Resources";
			outputPaths = (
			);
			runOnlyForDeploymentPostprocessing = 0;
			shellPath = /bin/sh;
			shellScript = "\"${SRCROOT}/Pods/Target Support Files/Pods-MovieDemoUITests/Pods-MovieDemoUITests-resources.sh\"\n";
			showEnvVarsInLog = 0;
		};
		E5CBE714C1203EDC0AB0C578 /* [CP] Embed Pods Frameworks */ = {
			isa = PBXShellScriptBuildPhase;
			buildActionMask = 2147483647;
			files = (
			);
			inputPaths = (
			);
			name = "[CP] Embed Pods Frameworks";
			outputPaths = (
			);
			runOnlyForDeploymentPostprocessing = 0;
			shellPath = /bin/sh;
			shellScript = "\"${SRCROOT}/Pods/Target Support Files/Pods-MovieDemo/Pods-MovieDemo-frameworks.sh\"\n";
			showEnvVarsInLog = 0;
		};
		EBB9F7C58A860C6FBFF3FC7F /* [CP] Embed Pods Frameworks */ = {
			isa = PBXShellScriptBuildPhase;
			buildActionMask = 2147483647;
			files = (
			);
			inputPaths = (
			);
			name = "[CP] Embed Pods Frameworks";
			outputPaths = (
			);
			runOnlyForDeploymentPostprocessing = 0;
			shellPath = /bin/sh;
			shellScript = "\"${SRCROOT}/Pods/Target Support Files/Pods-MovieDemoTests/Pods-MovieDemoTests-frameworks.sh\"\n";
			showEnvVarsInLog = 0;
		};
		EF08BC3459BF1E571F2E30EA /* [CP] Check Pods Manifest.lock */ = {
			isa = PBXShellScriptBuildPhase;
			buildActionMask = 2147483647;
			files = (
			);
			inputPaths = (
			);
			name = "[CP] Check Pods Manifest.lock";
			outputPaths = (
			);
			runOnlyForDeploymentPostprocessing = 0;
			shellPath = /bin/sh;
			shellScript = "diff \"${PODS_ROOT}/../Podfile.lock\" \"${PODS_ROOT}/Manifest.lock\" > /dev/null\nif [ $? != 0 ] ; then\n    # print error to STDERR\n    echo \"error: The sandbox is not in sync with the Podfile.lock. Run 'pod install' or update your CocoaPods installation.\" >&2\n    exit 1\nfi\n";
			showEnvVarsInLog = 0;
		};
/* End PBXShellScriptBuildPhase section */

/* Begin PBXSourcesBuildPhase section */
		4209E5281E82865E0070EE12 /* Sources */ = {
			isa = PBXSourcesBuildPhase;
			buildActionMask = 2147483647;
			files = (
				4209E5341E82865E0070EE12 /* AppDelegate.m in Sources */,
				4206CC121E88F8EB00BC89D5 /* MovieDetails.m in Sources */,
				4209E5671E8293CE0070EE12 /* NetworkManager.m in Sources */,
				4206CC1C1E891DAF00BC89D5 /* DetailViewController.m in Sources */,
				4209E5311E82865E0070EE12 /* main.m in Sources */,
				4206CC0F1E88F75400BC89D5 /* MovieResponse.m in Sources */,
				4209E56A1E829A860070EE12 /* HomeViewController.m in Sources */,
				4206CC181E890E2A00BC89D5 /* MovieCollectionViewCell.m in Sources */,
			);
			runOnlyForDeploymentPostprocessing = 0;
		};
		4209E5411E82865E0070EE12 /* Sources */ = {
			isa = PBXSourcesBuildPhase;
			buildActionMask = 2147483647;
			files = (
				4209E54A1E82865E0070EE12 /* MovieDemoTests.m in Sources */,
			);
			runOnlyForDeploymentPostprocessing = 0;
		};
		4209E54C1E82865E0070EE12 /* Sources */ = {
			isa = PBXSourcesBuildPhase;
			buildActionMask = 2147483647;
			files = (
				4209E5551E82865E0070EE12 /* MovieDemoUITests.m in Sources */,
			);
			runOnlyForDeploymentPostprocessing = 0;
		};
/* End PBXSourcesBuildPhase section */

/* Begin PBXTargetDependency section */
		4209E5471E82865E0070EE12 /* PBXTargetDependency */ = {
			isa = PBXTargetDependency;
			target = 4209E52B1E82865E0070EE12 /* MovieDemo */;
			targetProxy = 4209E5461E82865E0070EE12 /* PBXContainerItemProxy */;
		};
		4209E5521E82865E0070EE12 /* PBXTargetDependency */ = {
			isa = PBXTargetDependency;
			target = 4209E52B1E82865E0070EE12 /* MovieDemo */;
			targetProxy = 4209E5511E82865E0070EE12 /* PBXContainerItemProxy */;
		};
/* End PBXTargetDependency section */

/* Begin PBXVariantGroup section */
		4209E5381E82865E0070EE12 /* Main.storyboard */ = {
			isa = PBXVariantGroup;
			children = (
				4209E5391E82865E0070EE12 /* Base */,
			);
			name = Main.storyboard;
			sourceTree = "<group>";
		};
		4209E53D1E82865E0070EE12 /* LaunchScreen.storyboard */ = {
			isa = PBXVariantGroup;
			children = (
				4209E53E1E82865E0070EE12 /* Base */,
			);
			name = LaunchScreen.storyboard;
			sourceTree = "<group>";
		};
/* End PBXVariantGroup section */

/* Begin XCBuildConfiguration section */
		4209E5571E82865E0070EE12 /* Debug */ = {
			isa = XCBuildConfiguration;
			buildSettings = {
				ALWAYS_SEARCH_USER_PATHS = NO;
				CLANG_ANALYZER_NONNULL = YES;
				CLANG_CXX_LANGUAGE_STANDARD = "gnu++0x";
				CLANG_CXX_LIBRARY = "libc++";
				CLANG_ENABLE_MODULES = YES;
				CLANG_ENABLE_OBJC_ARC = YES;
				CLANG_WARN_BOOL_CONVERSION = YES;
				CLANG_WARN_CONSTANT_CONVERSION = YES;
				CLANG_WARN_DIRECT_OBJC_ISA_USAGE = YES_ERROR;
				CLANG_WARN_DOCUMENTATION_COMMENTS = YES;
				CLANG_WARN_EMPTY_BODY = YES;
				CLANG_WARN_ENUM_CONVERSION = YES;
				CLANG_WARN_INFINITE_RECURSION = YES;
				CLANG_WARN_INT_CONVERSION = YES;
				CLANG_WARN_OBJC_ROOT_CLASS = YES_ERROR;
				CLANG_WARN_SUSPICIOUS_MOVES = YES;
				CLANG_WARN_UNREACHABLE_CODE = YES;
				CLANG_WARN__DUPLICATE_METHOD_MATCH = YES;
				"CODE_SIGN_IDENTITY[sdk=iphoneos*]" = "iPhone Developer";
				COPY_PHASE_STRIP = NO;
				DEBUG_INFORMATION_FORMAT = dwarf;
				ENABLE_STRICT_OBJC_MSGSEND = YES;
				ENABLE_TESTABILITY = YES;
				GCC_C_LANGUAGE_STANDARD = gnu99;
				GCC_DYNAMIC_NO_PIC = NO;
				GCC_NO_COMMON_BLOCKS = YES;
				GCC_OPTIMIZATION_LEVEL = 0;
				GCC_PREPROCESSOR_DEFINITIONS = (
					"DEBUG=1",
					"$(inherited)",
				);
				GCC_WARN_64_TO_32_BIT_CONVERSION = YES;
				GCC_WARN_ABOUT_RETURN_TYPE = YES_ERROR;
				GCC_WARN_UNDECLARED_SELECTOR = YES;
				GCC_WARN_UNINITIALIZED_AUTOS = YES_AGGRESSIVE;
				GCC_WARN_UNUSED_FUNCTION = YES;
				GCC_WARN_UNUSED_VARIABLE = YES;
				IPHONEOS_DEPLOYMENT_TARGET = 10.0;
				MTL_ENABLE_DEBUG_INFO = YES;
				ONLY_ACTIVE_ARCH = YES;
				SDKROOT = iphoneos;
			};
			name = Debug;
		};
		4209E5581E82865E0070EE12 /* Release */ = {
			isa = XCBuildConfiguration;
			buildSettings = {
				ALWAYS_SEARCH_USER_PATHS = NO;
				CLANG_ANALYZER_NONNULL = YES;
				CLANG_CXX_LANGUAGE_STANDARD = "gnu++0x";
				CLANG_CXX_LIBRARY = "libc++";
				CLANG_ENABLE_MODULES = YES;
				CLANG_ENABLE_OBJC_ARC = YES;
				CLANG_WARN_BOOL_CONVERSION = YES;
				CLANG_WARN_CONSTANT_CONVERSION = YES;
				CLANG_WARN_DIRECT_OBJC_ISA_USAGE = YES_ERROR;
				CLANG_WARN_DOCUMENTATION_COMMENTS = YES;
				CLANG_WARN_EMPTY_BODY = YES;
				CLANG_WARN_ENUM_CONVERSION = YES;
				CLANG_WARN_INFINITE_RECURSION = YES;
				CLANG_WARN_INT_CONVERSION = YES;
				CLANG_WARN_OBJC_ROOT_CLASS = YES_ERROR;
				CLANG_WARN_SUSPICIOUS_MOVES = YES;
				CLANG_WARN_UNREACHABLE_CODE = YES;
				CLANG_WARN__DUPLICATE_METHOD_MATCH = YES;
				"CODE_SIGN_IDENTITY[sdk=iphoneos*]" = "iPhone Developer";
				COPY_PHASE_STRIP = NO;
				DEBUG_INFORMATION_FORMAT = "dwarf-with-dsym";
				ENABLE_NS_ASSERTIONS = NO;
				ENABLE_STRICT_OBJC_MSGSEND = YES;
				GCC_C_LANGUAGE_STANDARD = gnu99;
				GCC_NO_COMMON_BLOCKS = YES;
				GCC_WARN_64_TO_32_BIT_CONVERSION = YES;
				GCC_WARN_ABOUT_RETURN_TYPE = YES_ERROR;
				GCC_WARN_UNDECLARED_SELECTOR = YES;
				GCC_WARN_UNINITIALIZED_AUTOS = YES_AGGRESSIVE;
				GCC_WARN_UNUSED_FUNCTION = YES;
				GCC_WARN_UNUSED_VARIABLE = YES;
				IPHONEOS_DEPLOYMENT_TARGET = 10.0;
				MTL_ENABLE_DEBUG_INFO = NO;
				SDKROOT = iphoneos;
				VALIDATE_PRODUCT = YES;
			};
			name = Release;
		};
		4209E55A1E82865E0070EE12 /* Debug */ = {
			isa = XCBuildConfiguration;
			baseConfigurationReference = 6BFD6D4FFCBEF72F1A870F8A /* Pods-MovieDemo.debug.xcconfig */;
			buildSettings = {
				ASSETCATALOG_COMPILER_APPICON_NAME = AppIcon;
				INFOPLIST_FILE = MovieDemo/Info.plist;
				LD_RUNPATH_SEARCH_PATHS = "$(inherited) @executable_path/Frameworks";
				PRODUCT_BUNDLE_IDENTIFIER = Zankhna.MovieDemo;
				PRODUCT_NAME = "$(TARGET_NAME)";
			};
			name = Debug;
		};
		4209E55B1E82865E0070EE12 /* Release */ = {
			isa = XCBuildConfiguration;
			baseConfigurationReference = C68564BF54A76287698DD66F /* Pods-MovieDemo.release.xcconfig */;
			buildSettings = {
				ASSETCATALOG_COMPILER_APPICON_NAME = AppIcon;
				INFOPLIST_FILE = MovieDemo/Info.plist;
				LD_RUNPATH_SEARCH_PATHS = "$(inherited) @executable_path/Frameworks";
				PRODUCT_BUNDLE_IDENTIFIER = Zankhna.MovieDemo;
				PRODUCT_NAME = "$(TARGET_NAME)";
			};
			name = Release;
		};
		4209E55D1E82865E0070EE12 /* Debug */ = {
			isa = XCBuildConfiguration;
			baseConfigurationReference = 58F23CB10D7FC3F6A57EB8E3 /* Pods-MovieDemoTests.debug.xcconfig */;
			buildSettings = {
				BUNDLE_LOADER = "$(TEST_HOST)";
				INFOPLIST_FILE = MovieDemoTests/Info.plist;
				LD_RUNPATH_SEARCH_PATHS = "$(inherited) @executable_path/Frameworks @loader_path/Frameworks";
				PRODUCT_BUNDLE_IDENTIFIER = Zankhna.MovieDemoTests;
				PRODUCT_NAME = "$(TARGET_NAME)";
				TEST_HOST = "$(BUILT_PRODUCTS_DIR)/MovieDemo.app/MovieDemo";
			};
			name = Debug;
		};
		4209E55E1E82865E0070EE12 /* Release */ = {
			isa = XCBuildConfiguration;
			baseConfigurationReference = FEA39A021E0720C61B918628 /* Pods-MovieDemoTests.release.xcconfig */;
			buildSettings = {
				BUNDLE_LOADER = "$(TEST_HOST)";
				INFOPLIST_FILE = MovieDemoTests/Info.plist;
				LD_RUNPATH_SEARCH_PATHS = "$(inherited) @executable_path/Frameworks @loader_path/Frameworks";
				PRODUCT_BUNDLE_IDENTIFIER = Zankhna.MovieDemoTests;
				PRODUCT_NAME = "$(TARGET_NAME)";
				TEST_HOST = "$(BUILT_PRODUCTS_DIR)/MovieDemo.app/MovieDemo";
			};
			name = Release;
		};
		4209E5601E82865E0070EE12 /* Debug */ = {
			isa = XCBuildConfiguration;
			baseConfigurationReference = C3F3C112CAB7373755133137 /* Pods-MovieDemoUITests.debug.xcconfig */;
			buildSettings = {
				INFOPLIST_FILE = MovieDemoUITests/Info.plist;
				LD_RUNPATH_SEARCH_PATHS = "$(inherited) @executable_path/Frameworks @loader_path/Frameworks";
				PRODUCT_BUNDLE_IDENTIFIER = Zankhna.MovieDemoUITests;
				PRODUCT_NAME = "$(TARGET_NAME)";
				TEST_TARGET_NAME = MovieDemo;
			};
			name = Debug;
		};
		4209E5611E82865E0070EE12 /* Release */ = {
			isa = XCBuildConfiguration;
			baseConfigurationReference = 2121009BC0E2AA186E49EEEB /* Pods-MovieDemoUITests.release.xcconfig */;
			buildSettings = {
				INFOPLIST_FILE = MovieDemoUITests/Info.plist;
				LD_RUNPATH_SEARCH_PATHS = "$(inherited) @executable_path/Frameworks @loader_path/Frameworks";
				PRODUCT_BUNDLE_IDENTIFIER = Zankhna.MovieDemoUITests;
				PRODUCT_NAME = "$(TARGET_NAME)";
				TEST_TARGET_NAME = MovieDemo;
			};
			name = Release;
		};
/* End XCBuildConfiguration section */

/* Begin XCConfigurationList section */
		4209E5271E82865E0070EE12 /* Build configuration list for PBXProject "MovieDemo" */ = {
			isa = XCConfigurationList;
			buildConfigurations = (
				4209E5571E82865E0070EE12 /* Debug */,
				4209E5581E82865E0070EE12 /* Release */,
			);
			defaultConfigurationIsVisible = 0;
			defaultConfigurationName = Release;
		};
		4209E5591E82865E0070EE12 /* Build configuration list for PBXNativeTarget "MovieDemo" */ = {
			isa = XCConfigurationList;
			buildConfigurations = (
				4209E55A1E82865E0070EE12 /* Debug */,
				4209E55B1E82865E0070EE12 /* Release */,
			);
			defaultConfigurationIsVisible = 0;
			defaultConfigurationName = Release;
		};
		4209E55C1E82865E0070EE12 /* Build configuration list for PBXNativeTarget "MovieDemoTests" */ = {
			isa = XCConfigurationList;
			buildConfigurations = (
				4209E55D1E82865E0070EE12 /* Debug */,
				4209E55E1E82865E0070EE12 /* Release */,
			);
			defaultConfigurationIsVisible = 0;
			defaultConfigurationName = Release;
		};
		4209E55F1E82865E0070EE12 /* Build configuration list for PBXNativeTarget "MovieDemoUITests" */ = {
			isa = XCConfigurationList;
			buildConfigurations = (
				4209E5601E82865E0070EE12 /* Debug */,
				4209E5611E82865E0070EE12 /* Release */,
			);
			defaultConfigurationIsVisible = 0;
			defaultConfigurationName = Release;
		};
/* End XCConfigurationList section */
	};
	rootObject = 4209E5241E82865E0070EE12 /* Project object */;
}
